<Solution>
  <Configurations>
    <Platform Name="Any CPU" />
    <Platform Name="x64" />
    <Platform Name="x86" />
  </Configurations>
  <Folder Name="/AppMimosiGeFront/">
    <Project Path="../AppMimosiGeFront/appmimosigefrontend/appmimosigefrontend.esproj">
      <Platform Project="AnyCPU" />
    </Project>
  </Folder>
  <Folder Name="/BackendCarcass/">
    <Project Path="../BackendCarcass/BackendCarcass.Api/BackendCarcass.Api.csproj" />
    <Project Path="../BackendCarcass/BackendCarcass.Application/BackendCarcass.Application.csproj" />
    <Project Path="../BackendCarcass/BackendCarcass.Database/BackendCarcass.Database.csproj" />
    <Project Path="../BackendCarcass/BackendCarcass.Domain/BackendCarcass.Domain.csproj" />
  </Folder>
  <Folder Name="/BackendCarcassShared/">
    <Project Path="../BackendCarcassShared/BackendCarcassShared.Contracts/BackendCarcassShared.Contracts.csproj" />
  </Folder>
  <Folder Name="/MimosiGeDbPart/">
    <Project Path="../MimosiGeDbPart/MimosiGeDbPart.Db/MimosiGeDbPart.Db.csproj" />
  </Folder>
  <Folder Name="/Solution Items/">
    <File Path=".editorconfig" />
    <File Path="Directory.Build.props" />
    <File Path="Directory.Packages.props" />
  </Folder>
  <Folder Name="/SystemTools/">
    <Project Path="../SystemTools/SystemTools.ApiContracts/SystemTools.ApiContracts.csproj" />
    <Project Path="../SystemTools/SystemTools.Application.Abstractions/SystemTools.Application.Abstractions.csproj" />
    <Project Path="../SystemTools/SystemTools.DatabaseToolsShared/SystemTools.DatabaseToolsShared.csproj" />
    <Project Path="../SystemTools/SystemTools.Domain.Abstractions/SystemTools.Domain.Abstractions.csproj" />
    <Project Path="../SystemTools/SystemTools.ReCounterContracts/SystemTools.ReCounterContracts.csproj" />
    <Project Path="../SystemTools/SystemTools.RepositoriesShared/SystemTools.RepositoriesShared.csproj" />
    <Project Path="../SystemTools/SystemTools.SharedKernel/SystemTools.SharedKernel.csproj" />
    <Project Path="../SystemTools/SystemTools.StringMessagesApiContracts/SystemTools.StringMessagesApiContracts.csproj" />
    <Project Path="../SystemTools/SystemTools.SystemToolsShared/SystemTools.SystemToolsShared.csproj" />
    <Project Path="../SystemTools/SystemTools.TestApiContracts/SystemTools.TestApiContracts.csproj" />
  </Folder>
  <Folder Name="/WebSystemTools/">
    <Project Path="../WebSystemTools/WebSystemTools.ConfigurationEncrypt/WebSystemTools.ConfigurationEncrypt.csproj" />
    <Project Path="../WebSystemTools/WebSystemTools.CorsTools/WebSystemTools.CorsTools.csproj" />
    <Project Path="../WebSystemTools/WebSystemTools.MediatorTools/WebSystemTools.MediatorTools.csproj" />
    <Project Path="../WebSystemTools/WebSystemTools.SerilogLogger/WebSystemTools.SerilogLogger.csproj" />
    <Project Path="../WebSystemTools/WebSystemTools.SwaggerTools/WebSystemTools.SwaggerTools.csproj" />
    <Project Path="../WebSystemTools/WebSystemTools.TestToolsApi/WebSystemTools.TestToolsApi.csproj" />
    <Project Path="../WebSystemTools/WebSystemTools.TestToolsData/WebSystemTools.TestToolsData.csproj" />
    <Project Path="../WebSystemTools/WebSystemTools.WebApi.Abstractions/WebSystemTools.WebApi.Abstractions.csproj" />
    <Project Path="../WebSystemTools/WebSystemTools.WindowsServiceTools/WebSystemTools.WindowsServiceTools.csproj" />
  </Folder>
  <Project Path="AppMimosiGe/AppMimosiGe.csproj" />
  <Project Path="AppMimosiGeRepositories/AppMimosiGeRepositories.csproj" />
</Solution>
