
Microsoft Visual Studio Solution File, Format Version 12.00
# Visual Studio Version 17
VisualStudioVersion = 17.0.31903.59
MinimumVisualStudioVersion = 10.0.40219.1
Project("{FAE04EC0-301F-11D3-BF4B-00C04F79EFBC}") = "AppMimosiGe", "AppMimosiGe\AppMimosiGe.csproj", "{E8A24498-1128-4FEC-BEFA-59D3BB90C7F7}"
EndProject
Project("{FAE04EC0-301F-11D3-BF4B-00C04F79EFBC}") = "LibAppMimosiGeRepositories", "LibAppMimosiGeRepositories\LibAppMimosiGeRepositories.csproj", "{0BAC65EE-E87B-402A-8A07-3A13BDDCA1F8}"
EndProject
Project("{2150E333-8FDC-42A3-9474-1A3956D46DE8}") = "MimosiGeDbPart", "MimosiGeDbPart", "{F6FD59EC-F351-1F82-1FAA-E9A4BFD2388A}"
EndProject
Project("{FAE04EC0-301F-11D3-BF4B-00C04F79EFBC}") = "AppMimosiGeDbMigration", "AppMimosiGeDbMigration\AppMimosiGeDbMigration.csproj", "{FBD2A77C-9863-452B-9C09-DBD3B8D88790}"
EndProject
Project("{FAE04EC0-301F-11D3-BF4B-00C04F79EFBC}") = "AppMimosiGeRepositories", "AppMimosiGeRepositories\AppMimosiGeRepositories.csproj", "{74457C1E-7B67-495B-8052-CFD905060C25}"
EndProject
Project("{2150E333-8FDC-42A3-9474-1A3956D46DE8}") = "AppMimosiGeFront", "AppMimosiGeFront", "{3D4EC1F0-BA33-39F6-09E5-3CF99B0248A2}"
EndProject
Project("{54A90642-561A-4BB1-A94E-469ADEE60C69}") = "appmimosigefrontend", "..\AppMimosiGeFront\appmimosigefrontend\appmimosigefrontend.esproj", "{4EF2CE3D-D392-4300-8366-400229C4D96B}"
EndProject
Project("{2150E333-8FDC-42A3-9474-1A3956D46DE8}") = "SystemTools", "SystemTools", "{3C5B3D1E-52CC-7748-3607-1E9B3B40885C}"
EndProject
Project("{FAE04EC0-301F-11D3-BF4B-00C04F79EFBC}") = "SystemToolsShared", "..\SystemTools\SystemToolsShared\SystemToolsShared.csproj", "{B2E2534B-11B8-4DB8-AB69-05BE6B7600E2}"
EndProject
Project("{FAE04EC0-301F-11D3-BF4B-00C04F79EFBC}") = "RepositoriesDom", "..\SystemTools\RepositoriesDom\RepositoriesDom.csproj", "{75A435CD-0220-4557-B86A-1F88FDBDEA37}"
EndProject
Project("{2150E333-8FDC-42A3-9474-1A3956D46DE8}") = "BackendCarcass", "BackendCarcass", "{777DDE44-8409-0F7E-5879-0EC8C7467096}"
EndProject
Project("{FAE04EC0-301F-11D3-BF4B-00C04F79EFBC}") = "LibCrud", "..\BackendCarcass\LibCrud\LibCrud.csproj", "{898A75C2-F613-42DA-9A6A-00D850EA1305}"
EndProject
Project("{FAE04EC0-301F-11D3-BF4B-00C04F79EFBC}") = "ApiContracts", "..\SystemTools\ApiContracts\ApiContracts.csproj", "{6F6131F3-7FB8-494D-A047-E794582F54FB}"
EndProject
Project("{FAE04EC0-301F-11D3-BF4B-00C04F79EFBC}") = "ReCounterContracts", "..\SystemTools\ReCounterContracts\ReCounterContracts.csproj", "{D162069B-FF4D-4B63-ABF9-5A90CA2813A1}"
EndProject
Project("{2150E333-8FDC-42A3-9474-1A3956D46DE8}") = "BackendCarcassShared", "BackendCarcassShared", "{35256921-7B88-C4EB-1535-B4318F082093}"
EndProject
Project("{FAE04EC0-301F-11D3-BF4B-00C04F79EFBC}") = "BackendCarcassContracts", "..\BackendCarcassShared\BackendCarcassContracts\BackendCarcassContracts.csproj", "{32041BD7-21A4-438E-A866-1D0381DB4ED8}"
EndProject
Project("{FAE04EC0-301F-11D3-BF4B-00C04F79EFBC}") = "CarcassMasterDataDom", "..\BackendCarcass\CarcassMasterDataDom\CarcassMasterDataDom.csproj", "{1EC2EA9D-4B47-47E6-8100-4D70E12C55B0}"
EndProject
Project("{FAE04EC0-301F-11D3-BF4B-00C04F79EFBC}") = "CarcassDb", "..\BackendCarcass\CarcassDb\CarcassDb.csproj", "{8AA754C0-550A-44D6-BAA8-E142DDEF1B83}"
EndProject
Project("{2150E333-8FDC-42A3-9474-1A3956D46DE8}") = "WebSystemTools", "WebSystemTools", "{213FE732-89A3-F80C-EA0E-A3090014B56D}"
EndProject
Project("{FAE04EC0-301F-11D3-BF4B-00C04F79EFBC}") = "WebInstallers", "..\WebSystemTools\WebInstallers\WebInstallers.csproj", "{CF2AC2BF-C1A7-4E41-BD6F-1382427F9FCB}"
EndProject
Project("{FAE04EC0-301F-11D3-BF4B-00C04F79EFBC}") = "CarcassIdentity", "..\BackendCarcass\CarcassIdentity\CarcassIdentity.csproj", "{56DEDDBB-20E8-4C92-B64C-D71604912A58}"
EndProject
Project("{FAE04EC0-301F-11D3-BF4B-00C04F79EFBC}") = "StringMessagesApiContracts", "..\SystemTools\StringMessagesApiContracts\StringMessagesApiContracts.csproj", "{B867DDD6-6F67-4657-976D-854F86898BA6}"
EndProject
Project("{FAE04EC0-301F-11D3-BF4B-00C04F79EFBC}") = "SignalRMessages", "..\WebSystemTools\SignalRMessages\SignalRMessages.csproj", "{94A75737-A8BD-4F47-845D-B7CD5F47FB4F}"
EndProject
Project("{FAE04EC0-301F-11D3-BF4B-00C04F79EFBC}") = "MessagingAbstractions", "..\SystemTools\MessagingAbstractions\MessagingAbstractions.csproj", "{C77BC112-B1D4-4841-B506-95B4DAE55934}"
EndProject
Project("{FAE04EC0-301F-11D3-BF4B-00C04F79EFBC}") = "FluentValidationInstaller", "..\WebSystemTools\FluentValidationInstaller\FluentValidationInstaller.csproj", "{D078CC9C-354B-4ACE-80FA-E7809A5D0F9A}"
EndProject
Project("{FAE04EC0-301F-11D3-BF4B-00C04F79EFBC}") = "ApiExceptionHandler", "..\WebSystemTools\ApiExceptionHandler\ApiExceptionHandler.csproj", "{877AE9D8-CB2B-4272-8CA1-894646371840}"
EndProject
Project("{FAE04EC0-301F-11D3-BF4B-00C04F79EFBC}") = "TestToolsData", "..\WebSystemTools\TestToolsData\TestToolsData.csproj", "{E15AECEB-B2EA-454D-90D8-7CD69A00E34F}"
EndProject
Project("{FAE04EC0-301F-11D3-BF4B-00C04F79EFBC}") = "TestApiContracts", "..\SystemTools\TestApiContracts\TestApiContracts.csproj", "{913A2EFA-1FE3-4D6B-83A8-C496EA83FE52}"
EndProject
Project("{FAE04EC0-301F-11D3-BF4B-00C04F79EFBC}") = "TestToolsApi", "..\WebSystemTools\TestToolsApi\TestToolsApi.csproj", "{6541FF75-CB8F-4EA3-8ED8-0E4A9ACD6331}"
EndProject
Project("{FAE04EC0-301F-11D3-BF4B-00C04F79EFBC}") = "StaticFilesTools", "..\WebSystemTools\StaticFilesTools\StaticFilesTools.csproj", "{387294B2-0AE6-4B0B-B2BC-6BE794997D9B}"
EndProject
Project("{FAE04EC0-301F-11D3-BF4B-00C04F79EFBC}") = "ConfigurationEncrypt", "..\WebSystemTools\ConfigurationEncrypt\ConfigurationEncrypt.csproj", "{2885C04E-F05A-4AFE-9ACA-78995D72D20E}"
EndProject
Project("{FAE04EC0-301F-11D3-BF4B-00C04F79EFBC}") = "SerilogLogger", "..\WebSystemTools\SerilogLogger\SerilogLogger.csproj", "{FCE88F72-30F0-4B29-8A91-780B13CAF1F4}"
EndProject
Project("{FAE04EC0-301F-11D3-BF4B-00C04F79EFBC}") = "SwaggerTools", "..\WebSystemTools\SwaggerTools\SwaggerTools.csproj", "{31E1AEDF-D4C1-4A40-954B-FABF8349A431}"
EndProject
Project("{FAE04EC0-301F-11D3-BF4B-00C04F79EFBC}") = "WindowsServiceTools", "..\WebSystemTools\WindowsServiceTools\WindowsServiceTools.csproj", "{DD859FFD-65AF-4CF2-81B1-868DF2B34EBA}"
EndProject
Project("{FAE04EC0-301F-11D3-BF4B-00C04F79EFBC}") = "CarcassDom", "..\BackendCarcass\CarcassDom\CarcassDom.csproj", "{BEA139BD-0C13-4819-92DC-1FA7B66CC2DC}"
EndProject
Project("{FAE04EC0-301F-11D3-BF4B-00C04F79EFBC}") = "CarcassMappers", "..\BackendCarcass\CarcassMappers\CarcassMappers.csproj", "{50B1F134-669E-4F07-867E-C32517A4694E}"
EndProject
Project("{FAE04EC0-301F-11D3-BF4B-00C04F79EFBC}") = "CarcassRepositories", "..\BackendCarcass\CarcassRepositories\CarcassRepositories.csproj", "{4431F156-0272-4177-BDB0-41A7B934B797}"
EndProject
Project("{FAE04EC0-301F-11D3-BF4B-00C04F79EFBC}") = "CorsTools", "..\WebSystemTools\CorsTools\CorsTools.csproj", "{0C9B91EC-E9CE-4C2E-B85E-B8271C472473}"
EndProject
Project("{FAE04EC0-301F-11D3-BF4B-00C04F79EFBC}") = "CarcassRights", "..\BackendCarcass\CarcassRights\CarcassRights.csproj", "{A24489EA-E924-482B-A940-DFAD033FF6F8}"
EndProject
Project("{FAE04EC0-301F-11D3-BF4B-00C04F79EFBC}") = "BackendCarcassApi", "..\BackendCarcass\BackendCarcassApi\BackendCarcassApi.csproj", "{9CCEA31C-FDD6-48FD-BF1A-BA6300DC9FAA}"
EndProject
Project("{FAE04EC0-301F-11D3-BF4B-00C04F79EFBC}") = "MimosiGeDb", "..\MimosiGeDbPart\MimosiGeDb\MimosiGeDb.csproj", "{7D980FF6-8BE2-65B1-94FD-677228F9C6F5}"
EndProject
Global
	GlobalSection(SolutionConfigurationPlatforms) = preSolution
		Debug|Any CPU = Debug|Any CPU
		Debug|x64 = Debug|x64
		Debug|x86 = Debug|x86
		Release|Any CPU = Release|Any CPU
		Release|x64 = Release|x64
		Release|x86 = Release|x86
	EndGlobalSection
	GlobalSection(ProjectConfigurationPlatforms) = postSolution
		{E8A24498-1128-4FEC-BEFA-59D3BB90C7F7}.Debug|Any CPU.ActiveCfg = Debug|Any CPU
		{E8A24498-1128-4FEC-BEFA-59D3BB90C7F7}.Debug|Any CPU.Build.0 = Debug|Any CPU
		{E8A24498-1128-4FEC-BEFA-59D3BB90C7F7}.Debug|x64.ActiveCfg = Debug|Any CPU
		{E8A24498-1128-4FEC-BEFA-59D3BB90C7F7}.Debug|x64.Build.0 = Debug|Any CPU
		{E8A24498-1128-4FEC-BEFA-59D3BB90C7F7}.Debug|x86.ActiveCfg = Debug|Any CPU
		{E8A24498-1128-4FEC-BEFA-59D3BB90C7F7}.Debug|x86.Build.0 = Debug|Any CPU
		{E8A24498-1128-4FEC-BEFA-59D3BB90C7F7}.Release|Any CPU.ActiveCfg = Release|Any CPU
		{E8A24498-1128-4FEC-BEFA-59D3BB90C7F7}.Release|Any CPU.Build.0 = Release|Any CPU
		{E8A24498-1128-4FEC-BEFA-59D3BB90C7F7}.Release|x64.ActiveCfg = Release|Any CPU
		{E8A24498-1128-4FEC-BEFA-59D3BB90C7F7}.Release|x64.Build.0 = Release|Any CPU
		{E8A24498-1128-4FEC-BEFA-59D3BB90C7F7}.Release|x86.ActiveCfg = Release|Any CPU
		{E8A24498-1128-4FEC-BEFA-59D3BB90C7F7}.Release|x86.Build.0 = Release|Any CPU
		{0BAC65EE-E87B-402A-8A07-3A13BDDCA1F8}.Debug|Any CPU.ActiveCfg = Debug|Any CPU
		{0BAC65EE-E87B-402A-8A07-3A13BDDCA1F8}.Debug|Any CPU.Build.0 = Debug|Any CPU
		{0BAC65EE-E87B-402A-8A07-3A13BDDCA1F8}.Debug|x64.ActiveCfg = Debug|Any CPU
		{0BAC65EE-E87B-402A-8A07-3A13BDDCA1F8}.Debug|x64.Build.0 = Debug|Any CPU
		{0BAC65EE-E87B-402A-8A07-3A13BDDCA1F8}.Debug|x86.ActiveCfg = Debug|Any CPU
		{0BAC65EE-E87B-402A-8A07-3A13BDDCA1F8}.Debug|x86.Build.0 = Debug|Any CPU
		{0BAC65EE-E87B-402A-8A07-3A13BDDCA1F8}.Release|Any CPU.ActiveCfg = Release|Any CPU
		{0BAC65EE-E87B-402A-8A07-3A13BDDCA1F8}.Release|Any CPU.Build.0 = Release|Any CPU
		{0BAC65EE-E87B-402A-8A07-3A13BDDCA1F8}.Release|x64.ActiveCfg = Release|Any CPU
		{0BAC65EE-E87B-402A-8A07-3A13BDDCA1F8}.Release|x64.Build.0 = Release|Any CPU
		{0BAC65EE-E87B-402A-8A07-3A13BDDCA1F8}.Release|x86.ActiveCfg = Release|Any CPU
		{0BAC65EE-E87B-402A-8A07-3A13BDDCA1F8}.Release|x86.Build.0 = Release|Any CPU
		{FBD2A77C-9863-452B-9C09-DBD3B8D88790}.Debug|Any CPU.ActiveCfg = Debug|Any CPU
		{FBD2A77C-9863-452B-9C09-DBD3B8D88790}.Debug|Any CPU.Build.0 = Debug|Any CPU
		{FBD2A77C-9863-452B-9C09-DBD3B8D88790}.Debug|x64.ActiveCfg = Debug|Any CPU
		{FBD2A77C-9863-452B-9C09-DBD3B8D88790}.Debug|x64.Build.0 = Debug|Any CPU
		{FBD2A77C-9863-452B-9C09-DBD3B8D88790}.Debug|x86.ActiveCfg = Debug|Any CPU
		{FBD2A77C-9863-452B-9C09-DBD3B8D88790}.Debug|x86.Build.0 = Debug|Any CPU
		{FBD2A77C-9863-452B-9C09-DBD3B8D88790}.Release|Any CPU.ActiveCfg = Release|Any CPU
		{FBD2A77C-9863-452B-9C09-DBD3B8D88790}.Release|Any CPU.Build.0 = Release|Any CPU
		{FBD2A77C-9863-452B-9C09-DBD3B8D88790}.Release|x64.ActiveCfg = Release|Any CPU
		{FBD2A77C-9863-452B-9C09-DBD3B8D88790}.Release|x64.Build.0 = Release|Any CPU
		{FBD2A77C-9863-452B-9C09-DBD3B8D88790}.Release|x86.ActiveCfg = Release|Any CPU
		{FBD2A77C-9863-452B-9C09-DBD3B8D88790}.Release|x86.Build.0 = Release|Any CPU
		{74457C1E-7B67-495B-8052-CFD905060C25}.Debug|Any CPU.ActiveCfg = Debug|Any CPU
		{74457C1E-7B67-495B-8052-CFD905060C25}.Debug|Any CPU.Build.0 = Debug|Any CPU
		{74457C1E-7B67-495B-8052-CFD905060C25}.Debug|x64.ActiveCfg = Debug|Any CPU
		{74457C1E-7B67-495B-8052-CFD905060C25}.Debug|x64.Build.0 = Debug|Any CPU
		{74457C1E-7B67-495B-8052-CFD905060C25}.Debug|x86.ActiveCfg = Debug|Any CPU
		{74457C1E-7B67-495B-8052-CFD905060C25}.Debug|x86.Build.0 = Debug|Any CPU
		{74457C1E-7B67-495B-8052-CFD905060C25}.Release|Any CPU.ActiveCfg = Release|Any CPU
		{74457C1E-7B67-495B-8052-CFD905060C25}.Release|Any CPU.Build.0 = Release|Any CPU
		{74457C1E-7B67-495B-8052-CFD905060C25}.Release|x64.ActiveCfg = Release|Any CPU
		{74457C1E-7B67-495B-8052-CFD905060C25}.Release|x64.Build.0 = Release|Any CPU
		{74457C1E-7B67-495B-8052-CFD905060C25}.Release|x86.ActiveCfg = Release|Any CPU
		{74457C1E-7B67-495B-8052-CFD905060C25}.Release|x86.Build.0 = Release|Any CPU
		{4EF2CE3D-D392-4300-8366-400229C4D96B}.Debug|Any CPU.ActiveCfg = Debug|Any CPU
		{4EF2CE3D-D392-4300-8366-400229C4D96B}.Debug|x64.ActiveCfg = Debug|Any CPU
		{4EF2CE3D-D392-4300-8366-400229C4D96B}.Debug|x86.ActiveCfg = Debug|Any CPU
		{4EF2CE3D-D392-4300-8366-400229C4D96B}.Release|Any CPU.ActiveCfg = Release|Any CPU
		{4EF2CE3D-D392-4300-8366-400229C4D96B}.Release|x64.ActiveCfg = Release|Any CPU
		{4EF2CE3D-D392-4300-8366-400229C4D96B}.Release|x86.ActiveCfg = Release|Any CPU
		{B2E2534B-11B8-4DB8-AB69-05BE6B7600E2}.Debug|Any CPU.ActiveCfg = Debug|Any CPU
		{B2E2534B-11B8-4DB8-AB69-05BE6B7600E2}.Debug|Any CPU.Build.0 = Debug|Any CPU
		{B2E2534B-11B8-4DB8-AB69-05BE6B7600E2}.Debug|x64.ActiveCfg = Debug|Any CPU
		{B2E2534B-11B8-4DB8-AB69-05BE6B7600E2}.Debug|x64.Build.0 = Debug|Any CPU
		{B2E2534B-11B8-4DB8-AB69-05BE6B7600E2}.Debug|x86.ActiveCfg = Debug|Any CPU
		{B2E2534B-11B8-4DB8-AB69-05BE6B7600E2}.Debug|x86.Build.0 = Debug|Any CPU
		{B2E2534B-11B8-4DB8-AB69-05BE6B7600E2}.Release|Any CPU.ActiveCfg = Release|Any CPU
		{B2E2534B-11B8-4DB8-AB69-05BE6B7600E2}.Release|Any CPU.Build.0 = Release|Any CPU
		{B2E2534B-11B8-4DB8-AB69-05BE6B7600E2}.Release|x64.ActiveCfg = Release|Any CPU
		{B2E2534B-11B8-4DB8-AB69-05BE6B7600E2}.Release|x64.Build.0 = Release|Any CPU
		{B2E2534B-11B8-4DB8-AB69-05BE6B7600E2}.Release|x86.ActiveCfg = Release|Any CPU
		{B2E2534B-11B8-4DB8-AB69-05BE6B7600E2}.Release|x86.Build.0 = Release|Any CPU
		{75A435CD-0220-4557-B86A-1F88FDBDEA37}.Debug|Any CPU.ActiveCfg = Debug|Any CPU
		{75A435CD-0220-4557-B86A-1F88FDBDEA37}.Debug|Any CPU.Build.0 = Debug|Any CPU
		{75A435CD-0220-4557-B86A-1F88FDBDEA37}.Debug|x64.ActiveCfg = Debug|Any CPU
		{75A435CD-0220-4557-B86A-1F88FDBDEA37}.Debug|x64.Build.0 = Debug|Any CPU
		{75A435CD-0220-4557-B86A-1F88FDBDEA37}.Debug|x86.ActiveCfg = Debug|Any CPU
		{75A435CD-0220-4557-B86A-1F88FDBDEA37}.Debug|x86.Build.0 = Debug|Any CPU
		{75A435CD-0220-4557-B86A-1F88FDBDEA37}.Release|Any CPU.ActiveCfg = Release|Any CPU
		{75A435CD-0220-4557-B86A-1F88FDBDEA37}.Release|Any CPU.Build.0 = Release|Any CPU
		{75A435CD-0220-4557-B86A-1F88FDBDEA37}.Release|x64.ActiveCfg = Release|Any CPU
		{75A435CD-0220-4557-B86A-1F88FDBDEA37}.Release|x64.Build.0 = Release|Any CPU
		{75A435CD-0220-4557-B86A-1F88FDBDEA37}.Release|x86.ActiveCfg = Release|Any CPU
		{75A435CD-0220-4557-B86A-1F88FDBDEA37}.Release|x86.Build.0 = Release|Any CPU
		{898A75C2-F613-42DA-9A6A-00D850EA1305}.Debug|Any CPU.ActiveCfg = Debug|Any CPU
		{898A75C2-F613-42DA-9A6A-00D850EA1305}.Debug|Any CPU.Build.0 = Debug|Any CPU
		{898A75C2-F613-42DA-9A6A-00D850EA1305}.Debug|x64.ActiveCfg = Debug|Any CPU
		{898A75C2-F613-42DA-9A6A-00D850EA1305}.Debug|x64.Build.0 = Debug|Any CPU
		{898A75C2-F613-42DA-9A6A-00D850EA1305}.Debug|x86.ActiveCfg = Debug|Any CPU
		{898A75C2-F613-42DA-9A6A-00D850EA1305}.Debug|x86.Build.0 = Debug|Any CPU
		{898A75C2-F613-42DA-9A6A-00D850EA1305}.Release|Any CPU.ActiveCfg = Release|Any CPU
		{898A75C2-F613-42DA-9A6A-00D850EA1305}.Release|Any CPU.Build.0 = Release|Any CPU
		{898A75C2-F613-42DA-9A6A-00D850EA1305}.Release|x64.ActiveCfg = Release|Any CPU
		{898A75C2-F613-42DA-9A6A-00D850EA1305}.Release|x64.Build.0 = Release|Any CPU
		{898A75C2-F613-42DA-9A6A-00D850EA1305}.Release|x86.ActiveCfg = Release|Any CPU
		{898A75C2-F613-42DA-9A6A-00D850EA1305}.Release|x86.Build.0 = Release|Any CPU
		{6F6131F3-7FB8-494D-A047-E794582F54FB}.Debug|Any CPU.ActiveCfg = Debug|Any CPU
		{6F6131F3-7FB8-494D-A047-E794582F54FB}.Debug|Any CPU.Build.0 = Debug|Any CPU
		{6F6131F3-7FB8-494D-A047-E794582F54FB}.Debug|x64.ActiveCfg = Debug|Any CPU
		{6F6131F3-7FB8-494D-A047-E794582F54FB}.Debug|x64.Build.0 = Debug|Any CPU
		{6F6131F3-7FB8-494D-A047-E794582F54FB}.Debug|x86.ActiveCfg = Debug|Any CPU
		{6F6131F3-7FB8-494D-A047-E794582F54FB}.Debug|x86.Build.0 = Debug|Any CPU
		{6F6131F3-7FB8-494D-A047-E794582F54FB}.Release|Any CPU.ActiveCfg = Release|Any CPU
		{6F6131F3-7FB8-494D-A047-E794582F54FB}.Release|Any CPU.Build.0 = Release|Any CPU
		{6F6131F3-7FB8-494D-A047-E794582F54FB}.Release|x64.ActiveCfg = Release|Any CPU
		{6F6131F3-7FB8-494D-A047-E794582F54FB}.Release|x64.Build.0 = Release|Any CPU
		{6F6131F3-7FB8-494D-A047-E794582F54FB}.Release|x86.ActiveCfg = Release|Any CPU
		{6F6131F3-7FB8-494D-A047-E794582F54FB}.Release|x86.Build.0 = Release|Any CPU
		{D162069B-FF4D-4B63-ABF9-5A90CA2813A1}.Debug|Any CPU.ActiveCfg = Debug|Any CPU
		{D162069B-FF4D-4B63-ABF9-5A90CA2813A1}.Debug|Any CPU.Build.0 = Debug|Any CPU
		{D162069B-FF4D-4B63-ABF9-5A90CA2813A1}.Debug|x64.ActiveCfg = Debug|Any CPU
		{D162069B-FF4D-4B63-ABF9-5A90CA2813A1}.Debug|x64.Build.0 = Debug|Any CPU
		{D162069B-FF4D-4B63-ABF9-5A90CA2813A1}.Debug|x86.ActiveCfg = Debug|Any CPU
		{D162069B-FF4D-4B63-ABF9-5A90CA2813A1}.Debug|x86.Build.0 = Debug|Any CPU
		{D162069B-FF4D-4B63-ABF9-5A90CA2813A1}.Release|Any CPU.ActiveCfg = Release|Any CPU
		{D162069B-FF4D-4B63-ABF9-5A90CA2813A1}.Release|Any CPU.Build.0 = Release|Any CPU
		{D162069B-FF4D-4B63-ABF9-5A90CA2813A1}.Release|x64.ActiveCfg = Release|Any CPU
		{D162069B-FF4D-4B63-ABF9-5A90CA2813A1}.Release|x64.Build.0 = Release|Any CPU
		{D162069B-FF4D-4B63-ABF9-5A90CA2813A1}.Release|x86.ActiveCfg = Release|Any CPU
		{D162069B-FF4D-4B63-ABF9-5A90CA2813A1}.Release|x86.Build.0 = Release|Any CPU
		{32041BD7-21A4-438E-A866-1D0381DB4ED8}.Debug|Any CPU.ActiveCfg = Debug|Any CPU
		{32041BD7-21A4-438E-A866-1D0381DB4ED8}.Debug|Any CPU.Build.0 = Debug|Any CPU
		{32041BD7-21A4-438E-A866-1D0381DB4ED8}.Debug|x64.ActiveCfg = Debug|Any CPU
		{32041BD7-21A4-438E-A866-1D0381DB4ED8}.Debug|x64.Build.0 = Debug|Any CPU
		{32041BD7-21A4-438E-A866-1D0381DB4ED8}.Debug|x86.ActiveCfg = Debug|Any CPU
		{32041BD7-21A4-438E-A866-1D0381DB4ED8}.Debug|x86.Build.0 = Debug|Any CPU
		{32041BD7-21A4-438E-A866-1D0381DB4ED8}.Release|Any CPU.ActiveCfg = Release|Any CPU
		{32041BD7-21A4-438E-A866-1D0381DB4ED8}.Release|Any CPU.Build.0 = Release|Any CPU
		{32041BD7-21A4-438E-A866-1D0381DB4ED8}.Release|x64.ActiveCfg = Release|Any CPU
		{32041BD7-21A4-438E-A866-1D0381DB4ED8}.Release|x64.Build.0 = Release|Any CPU
		{32041BD7-21A4-438E-A866-1D0381DB4ED8}.Release|x86.ActiveCfg = Release|Any CPU
		{32041BD7-21A4-438E-A866-1D0381DB4ED8}.Release|x86.Build.0 = Release|Any CPU
		{1EC2EA9D-4B47-47E6-8100-4D70E12C55B0}.Debug|Any CPU.ActiveCfg = Debug|Any CPU
		{1EC2EA9D-4B47-47E6-8100-4D70E12C55B0}.Debug|Any CPU.Build.0 = Debug|Any CPU
		{1EC2EA9D-4B47-47E6-8100-4D70E12C55B0}.Debug|x64.ActiveCfg = Debug|Any CPU
		{1EC2EA9D-4B47-47E6-8100-4D70E12C55B0}.Debug|x64.Build.0 = Debug|Any CPU
		{1EC2EA9D-4B47-47E6-8100-4D70E12C55B0}.Debug|x86.ActiveCfg = Debug|Any CPU
		{1EC2EA9D-4B47-47E6-8100-4D70E12C55B0}.Debug|x86.Build.0 = Debug|Any CPU
		{1EC2EA9D-4B47-47E6-8100-4D70E12C55B0}.Release|Any CPU.ActiveCfg = Release|Any CPU
		{1EC2EA9D-4B47-47E6-8100-4D70E12C55B0}.Release|Any CPU.Build.0 = Release|Any CPU
		{1EC2EA9D-4B47-47E6-8100-4D70E12C55B0}.Release|x64.ActiveCfg = Release|Any CPU
		{1EC2EA9D-4B47-47E6-8100-4D70E12C55B0}.Release|x64.Build.0 = Release|Any CPU
		{1EC2EA9D-4B47-47E6-8100-4D70E12C55B0}.Release|x86.ActiveCfg = Release|Any CPU
		{1EC2EA9D-4B47-47E6-8100-4D70E12C55B0}.Release|x86.Build.0 = Release|Any CPU
		{8AA754C0-550A-44D6-BAA8-E142DDEF1B83}.Debug|Any CPU.ActiveCfg = Debug|Any CPU
		{8AA754C0-550A-44D6-BAA8-E142DDEF1B83}.Debug|Any CPU.Build.0 = Debug|Any CPU
		{8AA754C0-550A-44D6-BAA8-E142DDEF1B83}.Debug|x64.ActiveCfg = Debug|Any CPU
		{8AA754C0-550A-44D6-BAA8-E142DDEF1B83}.Debug|x64.Build.0 = Debug|Any CPU
		{8AA754C0-550A-44D6-BAA8-E142DDEF1B83}.Debug|x86.ActiveCfg = Debug|Any CPU
		{8AA754C0-550A-44D6-BAA8-E142DDEF1B83}.Debug|x86.Build.0 = Debug|Any CPU
		{8AA754C0-550A-44D6-BAA8-E142DDEF1B83}.Release|Any CPU.ActiveCfg = Release|Any CPU
		{8AA754C0-550A-44D6-BAA8-E142DDEF1B83}.Release|Any CPU.Build.0 = Release|Any CPU
		{8AA754C0-550A-44D6-BAA8-E142DDEF1B83}.Release|x64.ActiveCfg = Release|Any CPU
		{8AA754C0-550A-44D6-BAA8-E142DDEF1B83}.Release|x64.Build.0 = Release|Any CPU
		{8AA754C0-550A-44D6-BAA8-E142DDEF1B83}.Release|x86.ActiveCfg = Release|Any CPU
		{8AA754C0-550A-44D6-BAA8-E142DDEF1B83}.Release|x86.Build.0 = Release|Any CPU
		{CF2AC2BF-C1A7-4E41-BD6F-1382427F9FCB}.Debug|Any CPU.ActiveCfg = Debug|Any CPU
		{CF2AC2BF-C1A7-4E41-BD6F-1382427F9FCB}.Debug|Any CPU.Build.0 = Debug|Any CPU
		{CF2AC2BF-C1A7-4E41-BD6F-1382427F9FCB}.Debug|x64.ActiveCfg = Debug|Any CPU
		{CF2AC2BF-C1A7-4E41-BD6F-1382427F9FCB}.Debug|x64.Build.0 = Debug|Any CPU
		{CF2AC2BF-C1A7-4E41-BD6F-1382427F9FCB}.Debug|x86.ActiveCfg = Debug|Any CPU
		{CF2AC2BF-C1A7-4E41-BD6F-1382427F9FCB}.Debug|x86.Build.0 = Debug|Any CPU
		{CF2AC2BF-C1A7-4E41-BD6F-1382427F9FCB}.Release|Any CPU.ActiveCfg = Release|Any CPU
		{CF2AC2BF-C1A7-4E41-BD6F-1382427F9FCB}.Release|Any CPU.Build.0 = Release|Any CPU
		{CF2AC2BF-C1A7-4E41-BD6F-1382427F9FCB}.Release|x64.ActiveCfg = Release|Any CPU
		{CF2AC2BF-C1A7-4E41-BD6F-1382427F9FCB}.Release|x64.Build.0 = Release|Any CPU
		{CF2AC2BF-C1A7-4E41-BD6F-1382427F9FCB}.Release|x86.ActiveCfg = Release|Any CPU
		{CF2AC2BF-C1A7-4E41-BD6F-1382427F9FCB}.Release|x86.Build.0 = Release|Any CPU
		{56DEDDBB-20E8-4C92-B64C-D71604912A58}.Debug|Any CPU.ActiveCfg = Debug|Any CPU
		{56DEDDBB-20E8-4C92-B64C-D71604912A58}.Debug|Any CPU.Build.0 = Debug|Any CPU
		{56DEDDBB-20E8-4C92-B64C-D71604912A58}.Debug|x64.ActiveCfg = Debug|Any CPU
		{56DEDDBB-20E8-4C92-B64C-D71604912A58}.Debug|x64.Build.0 = Debug|Any CPU
		{56DEDDBB-20E8-4C92-B64C-D71604912A58}.Debug|x86.ActiveCfg = Debug|Any CPU
		{56DEDDBB-20E8-4C92-B64C-D71604912A58}.Debug|x86.Build.0 = Debug|Any CPU
		{56DEDDBB-20E8-4C92-B64C-D71604912A58}.Release|Any CPU.ActiveCfg = Release|Any CPU
		{56DEDDBB-20E8-4C92-B64C-D71604912A58}.Release|Any CPU.Build.0 = Release|Any CPU
		{56DEDDBB-20E8-4C92-B64C-D71604912A58}.Release|x64.ActiveCfg = Release|Any CPU
		{56DEDDBB-20E8-4C92-B64C-D71604912A58}.Release|x64.Build.0 = Release|Any CPU
		{56DEDDBB-20E8-4C92-B64C-D71604912A58}.Release|x86.ActiveCfg = Release|Any CPU
		{56DEDDBB-20E8-4C92-B64C-D71604912A58}.Release|x86.Build.0 = Release|Any CPU
		{B867DDD6-6F67-4657-976D-854F86898BA6}.Debug|Any CPU.ActiveCfg = Debug|Any CPU
		{B867DDD6-6F67-4657-976D-854F86898BA6}.Debug|Any CPU.Build.0 = Debug|Any CPU
		{B867DDD6-6F67-4657-976D-854F86898BA6}.Debug|x64.ActiveCfg = Debug|Any CPU
		{B867DDD6-6F67-4657-976D-854F86898BA6}.Debug|x64.Build.0 = Debug|Any CPU
		{B867DDD6-6F67-4657-976D-854F86898BA6}.Debug|x86.ActiveCfg = Debug|Any CPU
		{B867DDD6-6F67-4657-976D-854F86898BA6}.Debug|x86.Build.0 = Debug|Any CPU
		{B867DDD6-6F67-4657-976D-854F86898BA6}.Release|Any CPU.ActiveCfg = Release|Any CPU
		{B867DDD6-6F67-4657-976D-854F86898BA6}.Release|Any CPU.Build.0 = Release|Any CPU
		{B867DDD6-6F67-4657-976D-854F86898BA6}.Release|x64.ActiveCfg = Release|Any CPU
		{B867DDD6-6F67-4657-976D-854F86898BA6}.Release|x64.Build.0 = Release|Any CPU
		{B867DDD6-6F67-4657-976D-854F86898BA6}.Release|x86.ActiveCfg = Release|Any CPU
		{B867DDD6-6F67-4657-976D-854F86898BA6}.Release|x86.Build.0 = Release|Any CPU
		{94A75737-A8BD-4F47-845D-B7CD5F47FB4F}.Debug|Any CPU.ActiveCfg = Debug|Any CPU
		{94A75737-A8BD-4F47-845D-B7CD5F47FB4F}.Debug|Any CPU.Build.0 = Debug|Any CPU
		{94A75737-A8BD-4F47-845D-B7CD5F47FB4F}.Debug|x64.ActiveCfg = Debug|Any CPU
		{94A75737-A8BD-4F47-845D-B7CD5F47FB4F}.Debug|x64.Build.0 = Debug|Any CPU
		{94A75737-A8BD-4F47-845D-B7CD5F47FB4F}.Debug|x86.ActiveCfg = Debug|Any CPU
		{94A75737-A8BD-4F47-845D-B7CD5F47FB4F}.Debug|x86.Build.0 = Debug|Any CPU
		{94A75737-A8BD-4F47-845D-B7CD5F47FB4F}.Release|Any CPU.ActiveCfg = Release|Any CPU
		{94A75737-A8BD-4F47-845D-B7CD5F47FB4F}.Release|Any CPU.Build.0 = Release|Any CPU
		{94A75737-A8BD-4F47-845D-B7CD5F47FB4F}.Release|x64.ActiveCfg = Release|Any CPU
		{94A75737-A8BD-4F47-845D-B7CD5F47FB4F}.Release|x64.Build.0 = Release|Any CPU
		{94A75737-A8BD-4F47-845D-B7CD5F47FB4F}.Release|x86.ActiveCfg = Release|Any CPU
		{94A75737-A8BD-4F47-845D-B7CD5F47FB4F}.Release|x86.Build.0 = Release|Any CPU
		{C77BC112-B1D4-4841-B506-95B4DAE55934}.Debug|Any CPU.ActiveCfg = Debug|Any CPU
		{C77BC112-B1D4-4841-B506-95B4DAE55934}.Debug|Any CPU.Build.0 = Debug|Any CPU
		{C77BC112-B1D4-4841-B506-95B4DAE55934}.Debug|x64.ActiveCfg = Debug|Any CPU
		{C77BC112-B1D4-4841-B506-95B4DAE55934}.Debug|x64.Build.0 = Debug|Any CPU
		{C77BC112-B1D4-4841-B506-95B4DAE55934}.Debug|x86.ActiveCfg = Debug|Any CPU
		{C77BC112-B1D4-4841-B506-95B4DAE55934}.Debug|x86.Build.0 = Debug|Any CPU
		{C77BC112-B1D4-4841-B506-95B4DAE55934}.Release|Any CPU.ActiveCfg = Release|Any CPU
		{C77BC112-B1D4-4841-B506-95B4DAE55934}.Release|Any CPU.Build.0 = Release|Any CPU
		{C77BC112-B1D4-4841-B506-95B4DAE55934}.Release|x64.ActiveCfg = Release|Any CPU
		{C77BC112-B1D4-4841-B506-95B4DAE55934}.Release|x64.Build.0 = Release|Any CPU
		{C77BC112-B1D4-4841-B506-95B4DAE55934}.Release|x86.ActiveCfg = Release|Any CPU
		{C77BC112-B1D4-4841-B506-95B4DAE55934}.Release|x86.Build.0 = Release|Any CPU
		{D078CC9C-354B-4ACE-80FA-E7809A5D0F9A}.Debug|Any CPU.ActiveCfg = Debug|Any CPU
		{D078CC9C-354B-4ACE-80FA-E7809A5D0F9A}.Debug|Any CPU.Build.0 = Debug|Any CPU
		{D078CC9C-354B-4ACE-80FA-E7809A5D0F9A}.Debug|x64.ActiveCfg = Debug|Any CPU
		{D078CC9C-354B-4ACE-80FA-E7809A5D0F9A}.Debug|x64.Build.0 = Debug|Any CPU
		{D078CC9C-354B-4ACE-80FA-E7809A5D0F9A}.Debug|x86.ActiveCfg = Debug|Any CPU
		{D078CC9C-354B-4ACE-80FA-E7809A5D0F9A}.Debug|x86.Build.0 = Debug|Any CPU
		{D078CC9C-354B-4ACE-80FA-E7809A5D0F9A}.Release|Any CPU.ActiveCfg = Release|Any CPU
		{D078CC9C-354B-4ACE-80FA-E7809A5D0F9A}.Release|Any CPU.Build.0 = Release|Any CPU
		{D078CC9C-354B-4ACE-80FA-E7809A5D0F9A}.Release|x64.ActiveCfg = Release|Any CPU
		{D078CC9C-354B-4ACE-80FA-E7809A5D0F9A}.Release|x64.Build.0 = Release|Any CPU
		{D078CC9C-354B-4ACE-80FA-E7809A5D0F9A}.Release|x86.ActiveCfg = Release|Any CPU
		{D078CC9C-354B-4ACE-80FA-E7809A5D0F9A}.Release|x86.Build.0 = Release|Any CPU
		{877AE9D8-CB2B-4272-8CA1-894646371840}.Debug|Any CPU.ActiveCfg = Debug|Any CPU
		{877AE9D8-CB2B-4272-8CA1-894646371840}.Debug|Any CPU.Build.0 = Debug|Any CPU
		{877AE9D8-CB2B-4272-8CA1-894646371840}.Debug|x64.ActiveCfg = Debug|Any CPU
		{877AE9D8-CB2B-4272-8CA1-894646371840}.Debug|x64.Build.0 = Debug|Any CPU
		{877AE9D8-CB2B-4272-8CA1-894646371840}.Debug|x86.ActiveCfg = Debug|Any CPU
		{877AE9D8-CB2B-4272-8CA1-894646371840}.Debug|x86.Build.0 = Debug|Any CPU
		{877AE9D8-CB2B-4272-8CA1-894646371840}.Release|Any CPU.ActiveCfg = Release|Any CPU
		{877AE9D8-CB2B-4272-8CA1-894646371840}.Release|Any CPU.Build.0 = Release|Any CPU
		{877AE9D8-CB2B-4272-8CA1-894646371840}.Release|x64.ActiveCfg = Release|Any CPU
		{877AE9D8-CB2B-4272-8CA1-894646371840}.Release|x64.Build.0 = Release|Any CPU
		{877AE9D8-CB2B-4272-8CA1-894646371840}.Release|x86.ActiveCfg = Release|Any CPU
		{877AE9D8-CB2B-4272-8CA1-894646371840}.Release|x86.Build.0 = Release|Any CPU
		{E15AECEB-B2EA-454D-90D8-7CD69A00E34F}.Debug|Any CPU.ActiveCfg = Debug|Any CPU
		{E15AECEB-B2EA-454D-90D8-7CD69A00E34F}.Debug|Any CPU.Build.0 = Debug|Any CPU
		{E15AECEB-B2EA-454D-90D8-7CD69A00E34F}.Debug|x64.ActiveCfg = Debug|Any CPU
		{E15AECEB-B2EA-454D-90D8-7CD69A00E34F}.Debug|x64.Build.0 = Debug|Any CPU
		{E15AECEB-B2EA-454D-90D8-7CD69A00E34F}.Debug|x86.ActiveCfg = Debug|Any CPU
		{E15AECEB-B2EA-454D-90D8-7CD69A00E34F}.Debug|x86.Build.0 = Debug|Any CPU
		{E15AECEB-B2EA-454D-90D8-7CD69A00E34F}.Release|Any CPU.ActiveCfg = Release|Any CPU
		{E15AECEB-B2EA-454D-90D8-7CD69A00E34F}.Release|Any CPU.Build.0 = Release|Any CPU
		{E15AECEB-B2EA-454D-90D8-7CD69A00E34F}.Release|x64.ActiveCfg = Release|Any CPU
		{E15AECEB-B2EA-454D-90D8-7CD69A00E34F}.Release|x64.Build.0 = Release|Any CPU
		{E15AECEB-B2EA-454D-90D8-7CD69A00E34F}.Release|x86.ActiveCfg = Release|Any CPU
		{E15AECEB-B2EA-454D-90D8-7CD69A00E34F}.Release|x86.Build.0 = Release|Any CPU
		{913A2EFA-1FE3-4D6B-83A8-C496EA83FE52}.Debug|Any CPU.ActiveCfg = Debug|Any CPU
		{913A2EFA-1FE3-4D6B-83A8-C496EA83FE52}.Debug|Any CPU.Build.0 = Debug|Any CPU
		{913A2EFA-1FE3-4D6B-83A8-C496EA83FE52}.Debug|x64.ActiveCfg = Debug|Any CPU
		{913A2EFA-1FE3-4D6B-83A8-C496EA83FE52}.Debug|x64.Build.0 = Debug|Any CPU
		{913A2EFA-1FE3-4D6B-83A8-C496EA83FE52}.Debug|x86.ActiveCfg = Debug|Any CPU
		{913A2EFA-1FE3-4D6B-83A8-C496EA83FE52}.Debug|x86.Build.0 = Debug|Any CPU
		{913A2EFA-1FE3-4D6B-83A8-C496EA83FE52}.Release|Any CPU.ActiveCfg = Release|Any CPU
		{913A2EFA-1FE3-4D6B-83A8-C496EA83FE52}.Release|Any CPU.Build.0 = Release|Any CPU
		{913A2EFA-1FE3-4D6B-83A8-C496EA83FE52}.Release|x64.ActiveCfg = Release|Any CPU
		{913A2EFA-1FE3-4D6B-83A8-C496EA83FE52}.Release|x64.Build.0 = Release|Any CPU
		{913A2EFA-1FE3-4D6B-83A8-C496EA83FE52}.Release|x86.ActiveCfg = Release|Any CPU
		{913A2EFA-1FE3-4D6B-83A8-C496EA83FE52}.Release|x86.Build.0 = Release|Any CPU
		{6541FF75-CB8F-4EA3-8ED8-0E4A9ACD6331}.Debug|Any CPU.ActiveCfg = Debug|Any CPU
		{6541FF75-CB8F-4EA3-8ED8-0E4A9ACD6331}.Debug|Any CPU.Build.0 = Debug|Any CPU
		{6541FF75-CB8F-4EA3-8ED8-0E4A9ACD6331}.Debug|x64.ActiveCfg = Debug|Any CPU
		{6541FF75-CB8F-4EA3-8ED8-0E4A9ACD6331}.Debug|x64.Build.0 = Debug|Any CPU
		{6541FF75-CB8F-4EA3-8ED8-0E4A9ACD6331}.Debug|x86.ActiveCfg = Debug|Any CPU
		{6541FF75-CB8F-4EA3-8ED8-0E4A9ACD6331}.Debug|x86.Build.0 = Debug|Any CPU
		{6541FF75-CB8F-4EA3-8ED8-0E4A9ACD6331}.Release|Any CPU.ActiveCfg = Release|Any CPU
		{6541FF75-CB8F-4EA3-8ED8-0E4A9ACD6331}.Release|Any CPU.Build.0 = Release|Any CPU
		{6541FF75-CB8F-4EA3-8ED8-0E4A9ACD6331}.Release|x64.ActiveCfg = Release|Any CPU
		{6541FF75-CB8F-4EA3-8ED8-0E4A9ACD6331}.Release|x64.Build.0 = Release|Any CPU
		{6541FF75-CB8F-4EA3-8ED8-0E4A9ACD6331}.Release|x86.ActiveCfg = Release|Any CPU
		{6541FF75-CB8F-4EA3-8ED8-0E4A9ACD6331}.Release|x86.Build.0 = Release|Any CPU
		{387294B2-0AE6-4B0B-B2BC-6BE794997D9B}.Debug|Any CPU.ActiveCfg = Debug|Any CPU
		{387294B2-0AE6-4B0B-B2BC-6BE794997D9B}.Debug|Any CPU.Build.0 = Debug|Any CPU
		{387294B2-0AE6-4B0B-B2BC-6BE794997D9B}.Debug|x64.ActiveCfg = Debug|Any CPU
		{387294B2-0AE6-4B0B-B2BC-6BE794997D9B}.Debug|x64.Build.0 = Debug|Any CPU
		{387294B2-0AE6-4B0B-B2BC-6BE794997D9B}.Debug|x86.ActiveCfg = Debug|Any CPU
		{387294B2-0AE6-4B0B-B2BC-6BE794997D9B}.Debug|x86.Build.0 = Debug|Any CPU
		{387294B2-0AE6-4B0B-B2BC-6BE794997D9B}.Release|Any CPU.ActiveCfg = Release|Any CPU
		{387294B2-0AE6-4B0B-B2BC-6BE794997D9B}.Release|Any CPU.Build.0 = Release|Any CPU
		{387294B2-0AE6-4B0B-B2BC-6BE794997D9B}.Release|x64.ActiveCfg = Release|Any CPU
		{387294B2-0AE6-4B0B-B2BC-6BE794997D9B}.Release|x64.Build.0 = Release|Any CPU
		{387294B2-0AE6-4B0B-B2BC-6BE794997D9B}.Release|x86.ActiveCfg = Release|Any CPU
		{387294B2-0AE6-4B0B-B2BC-6BE794997D9B}.Release|x86.Build.0 = Release|Any CPU
		{2885C04E-F05A-4AFE-9ACA-78995D72D20E}.Debug|Any CPU.ActiveCfg = Debug|Any CPU
		{2885C04E-F05A-4AFE-9ACA-78995D72D20E}.Debug|Any CPU.Build.0 = Debug|Any CPU
		{2885C04E-F05A-4AFE-9ACA-78995D72D20E}.Debug|x64.ActiveCfg = Debug|Any CPU
		{2885C04E-F05A-4AFE-9ACA-78995D72D20E}.Debug|x64.Build.0 = Debug|Any CPU
		{2885C04E-F05A-4AFE-9ACA-78995D72D20E}.Debug|x86.ActiveCfg = Debug|Any CPU
		{2885C04E-F05A-4AFE-9ACA-78995D72D20E}.Debug|x86.Build.0 = Debug|Any CPU
		{2885C04E-F05A-4AFE-9ACA-78995D72D20E}.Release|Any CPU.ActiveCfg = Release|Any CPU
		{2885C04E-F05A-4AFE-9ACA-78995D72D20E}.Release|Any CPU.Build.0 = Release|Any CPU
		{2885C04E-F05A-4AFE-9ACA-78995D72D20E}.Release|x64.ActiveCfg = Release|Any CPU
		{2885C04E-F05A-4AFE-9ACA-78995D72D20E}.Release|x64.Build.0 = Release|Any CPU
		{2885C04E-F05A-4AFE-9ACA-78995D72D20E}.Release|x86.ActiveCfg = Release|Any CPU
		{2885C04E-F05A-4AFE-9ACA-78995D72D20E}.Release|x86.Build.0 = Release|Any CPU
		{FCE88F72-30F0-4B29-8A91-780B13CAF1F4}.Debug|Any CPU.ActiveCfg = Debug|Any CPU
		{FCE88F72-30F0-4B29-8A91-780B13CAF1F4}.Debug|Any CPU.Build.0 = Debug|Any CPU
		{FCE88F72-30F0-4B29-8A91-780B13CAF1F4}.Debug|x64.ActiveCfg = Debug|Any CPU
		{FCE88F72-30F0-4B29-8A91-780B13CAF1F4}.Debug|x64.Build.0 = Debug|Any CPU
		{FCE88F72-30F0-4B29-8A91-780B13CAF1F4}.Debug|x86.ActiveCfg = Debug|Any CPU
		{FCE88F72-30F0-4B29-8A91-780B13CAF1F4}.Debug|x86.Build.0 = Debug|Any CPU
		{FCE88F72-30F0-4B29-8A91-780B13CAF1F4}.Release|Any CPU.ActiveCfg = Release|Any CPU
		{FCE88F72-30F0-4B29-8A91-780B13CAF1F4}.Release|Any CPU.Build.0 = Release|Any CPU
		{FCE88F72-30F0-4B29-8A91-780B13CAF1F4}.Release|x64.ActiveCfg = Release|Any CPU
		{FCE88F72-30F0-4B29-8A91-780B13CAF1F4}.Release|x64.Build.0 = Release|Any CPU
		{FCE88F72-30F0-4B29-8A91-780B13CAF1F4}.Release|x86.ActiveCfg = Release|Any CPU
		{FCE88F72-30F0-4B29-8A91-780B13CAF1F4}.Release|x86.Build.0 = Release|Any CPU
		{31E1AEDF-D4C1-4A40-954B-FABF8349A431}.Debug|Any CPU.ActiveCfg = Debug|Any CPU
		{31E1AEDF-D4C1-4A40-954B-FABF8349A431}.Debug|Any CPU.Build.0 = Debug|Any CPU
		{31E1AEDF-D4C1-4A40-954B-FABF8349A431}.Debug|x64.ActiveCfg = Debug|Any CPU
		{31E1AEDF-D4C1-4A40-954B-FABF8349A431}.Debug|x64.Build.0 = Debug|Any CPU
		{31E1AEDF-D4C1-4A40-954B-FABF8349A431}.Debug|x86.ActiveCfg = Debug|Any CPU
		{31E1AEDF-D4C1-4A40-954B-FABF8349A431}.Debug|x86.Build.0 = Debug|Any CPU
		{31E1AEDF-D4C1-4A40-954B-FABF8349A431}.Release|Any CPU.ActiveCfg = Release|Any CPU
		{31E1AEDF-D4C1-4A40-954B-FABF8349A431}.Release|Any CPU.Build.0 = Release|Any CPU
		{31E1AEDF-D4C1-4A40-954B-FABF8349A431}.Release|x64.ActiveCfg = Release|Any CPU
		{31E1AEDF-D4C1-4A40-954B-FABF8349A431}.Release|x64.Build.0 = Release|Any CPU
		{31E1AEDF-D4C1-4A40-954B-FABF8349A431}.Release|x86.ActiveCfg = Release|Any CPU
		{31E1AEDF-D4C1-4A40-954B-FABF8349A431}.Release|x86.Build.0 = Release|Any CPU
		{DD859FFD-65AF-4CF2-81B1-868DF2B34EBA}.Debug|Any CPU.ActiveCfg = Debug|Any CPU
		{DD859FFD-65AF-4CF2-81B1-868DF2B34EBA}.Debug|Any CPU.Build.0 = Debug|Any CPU
		{DD859FFD-65AF-4CF2-81B1-868DF2B34EBA}.Debug|x64.ActiveCfg = Debug|Any CPU
		{DD859FFD-65AF-4CF2-81B1-868DF2B34EBA}.Debug|x64.Build.0 = Debug|Any CPU
		{DD859FFD-65AF-4CF2-81B1-868DF2B34EBA}.Debug|x86.ActiveCfg = Debug|Any CPU
		{DD859FFD-65AF-4CF2-81B1-868DF2B34EBA}.Debug|x86.Build.0 = Debug|Any CPU
		{DD859FFD-65AF-4CF2-81B1-868DF2B34EBA}.Release|Any CPU.ActiveCfg = Release|Any CPU
		{DD859FFD-65AF-4CF2-81B1-868DF2B34EBA}.Release|Any CPU.Build.0 = Release|Any CPU
		{DD859FFD-65AF-4CF2-81B1-868DF2B34EBA}.Release|x64.ActiveCfg = Release|Any CPU
		{DD859FFD-65AF-4CF2-81B1-868DF2B34EBA}.Release|x64.Build.0 = Release|Any CPU
		{DD859FFD-65AF-4CF2-81B1-868DF2B34EBA}.Release|x86.ActiveCfg = Release|Any CPU
		{DD859FFD-65AF-4CF2-81B1-868DF2B34EBA}.Release|x86.Build.0 = Release|Any CPU
		{BEA139BD-0C13-4819-92DC-1FA7B66CC2DC}.Debug|Any CPU.ActiveCfg = Debug|Any CPU
		{BEA139BD-0C13-4819-92DC-1FA7B66CC2DC}.Debug|Any CPU.Build.0 = Debug|Any CPU
		{BEA139BD-0C13-4819-92DC-1FA7B66CC2DC}.Debug|x64.ActiveCfg = Debug|Any CPU
		{BEA139BD-0C13-4819-92DC-1FA7B66CC2DC}.Debug|x64.Build.0 = Debug|Any CPU
		{BEA139BD-0C13-4819-92DC-1FA7B66CC2DC}.Debug|x86.ActiveCfg = Debug|Any CPU
		{BEA139BD-0C13-4819-92DC-1FA7B66CC2DC}.Debug|x86.Build.0 = Debug|Any CPU
		{BEA139BD-0C13-4819-92DC-1FA7B66CC2DC}.Release|Any CPU.ActiveCfg = Release|Any CPU
		{BEA139BD-0C13-4819-92DC-1FA7B66CC2DC}.Release|Any CPU.Build.0 = Release|Any CPU
		{BEA139BD-0C13-4819-92DC-1FA7B66CC2DC}.Release|x64.ActiveCfg = Release|Any CPU
		{BEA139BD-0C13-4819-92DC-1FA7B66CC2DC}.Release|x64.Build.0 = Release|Any CPU
		{BEA139BD-0C13-4819-92DC-1FA7B66CC2DC}.Release|x86.ActiveCfg = Release|Any CPU
		{BEA139BD-0C13-4819-92DC-1FA7B66CC2DC}.Release|x86.Build.0 = Release|Any CPU
		{50B1F134-669E-4F07-867E-C32517A4694E}.Debug|Any CPU.ActiveCfg = Debug|Any CPU
		{50B1F134-669E-4F07-867E-C32517A4694E}.Debug|Any CPU.Build.0 = Debug|Any CPU
		{50B1F134-669E-4F07-867E-C32517A4694E}.Debug|x64.ActiveCfg = Debug|Any CPU
		{50B1F134-669E-4F07-867E-C32517A4694E}.Debug|x64.Build.0 = Debug|Any CPU
		{50B1F134-669E-4F07-867E-C32517A4694E}.Debug|x86.ActiveCfg = Debug|Any CPU
		{50B1F134-669E-4F07-867E-C32517A4694E}.Debug|x86.Build.0 = Debug|Any CPU
		{50B1F134-669E-4F07-867E-C32517A4694E}.Release|Any CPU.ActiveCfg = Release|Any CPU
		{50B1F134-669E-4F07-867E-C32517A4694E}.Release|Any CPU.Build.0 = Release|Any CPU
		{50B1F134-669E-4F07-867E-C32517A4694E}.Release|x64.ActiveCfg = Release|Any CPU
		{50B1F134-669E-4F07-867E-C32517A4694E}.Release|x64.Build.0 = Release|Any CPU
		{50B1F134-669E-4F07-867E-C32517A4694E}.Release|x86.ActiveCfg = Release|Any CPU
		{50B1F134-669E-4F07-867E-C32517A4694E}.Release|x86.Build.0 = Release|Any CPU
		{4431F156-0272-4177-BDB0-41A7B934B797}.Debug|Any CPU.ActiveCfg = Debug|Any CPU
		{4431F156-0272-4177-BDB0-41A7B934B797}.Debug|Any CPU.Build.0 = Debug|Any CPU
		{4431F156-0272-4177-BDB0-41A7B934B797}.Debug|x64.ActiveCfg = Debug|Any CPU
		{4431F156-0272-4177-BDB0-41A7B934B797}.Debug|x64.Build.0 = Debug|Any CPU
		{4431F156-0272-4177-BDB0-41A7B934B797}.Debug|x86.ActiveCfg = Debug|Any CPU
		{4431F156-0272-4177-BDB0-41A7B934B797}.Debug|x86.Build.0 = Debug|Any CPU
		{4431F156-0272-4177-BDB0-41A7B934B797}.Release|Any CPU.ActiveCfg = Release|Any CPU
		{4431F156-0272-4177-BDB0-41A7B934B797}.Release|Any CPU.Build.0 = Release|Any CPU
		{4431F156-0272-4177-BDB0-41A7B934B797}.Release|x64.ActiveCfg = Release|Any CPU
		{4431F156-0272-4177-BDB0-41A7B934B797}.Release|x64.Build.0 = Release|Any CPU
		{4431F156-0272-4177-BDB0-41A7B934B797}.Release|x86.ActiveCfg = Release|Any CPU
		{4431F156-0272-4177-BDB0-41A7B934B797}.Release|x86.Build.0 = Release|Any CPU
		{0C9B91EC-E9CE-4C2E-B85E-B8271C472473}.Debug|Any CPU.ActiveCfg = Debug|Any CPU
		{0C9B91EC-E9CE-4C2E-B85E-B8271C472473}.Debug|Any CPU.Build.0 = Debug|Any CPU
		{0C9B91EC-E9CE-4C2E-B85E-B8271C472473}.Debug|x64.ActiveCfg = Debug|Any CPU
		{0C9B91EC-E9CE-4C2E-B85E-B8271C472473}.Debug|x64.Build.0 = Debug|Any CPU
		{0C9B91EC-E9CE-4C2E-B85E-B8271C472473}.Debug|x86.ActiveCfg = Debug|Any CPU
		{0C9B91EC-E9CE-4C2E-B85E-B8271C472473}.Debug|x86.Build.0 = Debug|Any CPU
		{0C9B91EC-E9CE-4C2E-B85E-B8271C472473}.Release|Any CPU.ActiveCfg = Release|Any CPU
		{0C9B91EC-E9CE-4C2E-B85E-B8271C472473}.Release|Any CPU.Build.0 = Release|Any CPU
		{0C9B91EC-E9CE-4C2E-B85E-B8271C472473}.Release|x64.ActiveCfg = Release|Any CPU
		{0C9B91EC-E9CE-4C2E-B85E-B8271C472473}.Release|x64.Build.0 = Release|Any CPU
		{0C9B91EC-E9CE-4C2E-B85E-B8271C472473}.Release|x86.ActiveCfg = Release|Any CPU
		{0C9B91EC-E9CE-4C2E-B85E-B8271C472473}.Release|x86.Build.0 = Release|Any CPU
		{A24489EA-E924-482B-A940-DFAD033FF6F8}.Debug|Any CPU.ActiveCfg = Debug|Any CPU
		{A24489EA-E924-482B-A940-DFAD033FF6F8}.Debug|Any CPU.Build.0 = Debug|Any CPU
		{A24489EA-E924-482B-A940-DFAD033FF6F8}.Debug|x64.ActiveCfg = Debug|Any CPU
		{A24489EA-E924-482B-A940-DFAD033FF6F8}.Debug|x64.Build.0 = Debug|Any CPU
		{A24489EA-E924-482B-A940-DFAD033FF6F8}.Debug|x86.ActiveCfg = Debug|Any CPU
		{A24489EA-E924-482B-A940-DFAD033FF6F8}.Debug|x86.Build.0 = Debug|Any CPU
		{A24489EA-E924-482B-A940-DFAD033FF6F8}.Release|Any CPU.ActiveCfg = Release|Any CPU
		{A24489EA-E924-482B-A940-DFAD033FF6F8}.Release|Any CPU.Build.0 = Release|Any CPU
		{A24489EA-E924-482B-A940-DFAD033FF6F8}.Release|x64.ActiveCfg = Release|Any CPU
		{A24489EA-E924-482B-A940-DFAD033FF6F8}.Release|x64.Build.0 = Release|Any CPU
		{A24489EA-E924-482B-A940-DFAD033FF6F8}.Release|x86.ActiveCfg = Release|Any CPU
		{A24489EA-E924-482B-A940-DFAD033FF6F8}.Release|x86.Build.0 = Release|Any CPU
		{9CCEA31C-FDD6-48FD-BF1A-BA6300DC9FAA}.Debug|Any CPU.ActiveCfg = Debug|Any CPU
		{9CCEA31C-FDD6-48FD-BF1A-BA6300DC9FAA}.Debug|Any CPU.Build.0 = Debug|Any CPU
		{9CCEA31C-FDD6-48FD-BF1A-BA6300DC9FAA}.Debug|x64.ActiveCfg = Debug|Any CPU
		{9CCEA31C-FDD6-48FD-BF1A-BA6300DC9FAA}.Debug|x64.Build.0 = Debug|Any CPU
		{9CCEA31C-FDD6-48FD-BF1A-BA6300DC9FAA}.Debug|x86.ActiveCfg = Debug|Any CPU
		{9CCEA31C-FDD6-48FD-BF1A-BA6300DC9FAA}.Debug|x86.Build.0 = Debug|Any CPU
		{9CCEA31C-FDD6-48FD-BF1A-BA6300DC9FAA}.Release|Any CPU.ActiveCfg = Release|Any CPU
		{9CCEA31C-FDD6-48FD-BF1A-BA6300DC9FAA}.Release|Any CPU.Build.0 = Release|Any CPU
		{9CCEA31C-FDD6-48FD-BF1A-BA6300DC9FAA}.Release|x64.ActiveCfg = Release|Any CPU
		{9CCEA31C-FDD6-48FD-BF1A-BA6300DC9FAA}.Release|x64.Build.0 = Release|Any CPU
		{9CCEA31C-FDD6-48FD-BF1A-BA6300DC9FAA}.Release|x86.ActiveCfg = Release|Any CPU
		{9CCEA31C-FDD6-48FD-BF1A-BA6300DC9FAA}.Release|x86.Build.0 = Release|Any CPU
		{7D980FF6-8BE2-65B1-94FD-677228F9C6F5}.Debug|Any CPU.ActiveCfg = Debug|Any CPU
		{7D980FF6-8BE2-65B1-94FD-677228F9C6F5}.Debug|Any CPU.Build.0 = Debug|Any CPU
		{7D980FF6-8BE2-65B1-94FD-677228F9C6F5}.Debug|x64.ActiveCfg = Debug|Any CPU
		{7D980FF6-8BE2-65B1-94FD-677228F9C6F5}.Debug|x64.Build.0 = Debug|Any CPU
		{7D980FF6-8BE2-65B1-94FD-677228F9C6F5}.Debug|x86.ActiveCfg = Debug|Any CPU
		{7D980FF6-8BE2-65B1-94FD-677228F9C6F5}.Debug|x86.Build.0 = Debug|Any CPU
		{7D980FF6-8BE2-65B1-94FD-677228F9C6F5}.Release|Any CPU.ActiveCfg = Release|Any CPU
		{7D980FF6-8BE2-65B1-94FD-677228F9C6F5}.Release|Any CPU.Build.0 = Release|Any CPU
		{7D980FF6-8BE2-65B1-94FD-677228F9C6F5}.Release|x64.ActiveCfg = Release|Any CPU
		{7D980FF6-8BE2-65B1-94FD-677228F9C6F5}.Release|x64.Build.0 = Release|Any CPU
		{7D980FF6-8BE2-65B1-94FD-677228F9C6F5}.Release|x86.ActiveCfg = Release|Any CPU
		{7D980FF6-8BE2-65B1-94FD-677228F9C6F5}.Release|x86.Build.0 = Release|Any CPU
	EndGlobalSection
	GlobalSection(SolutionProperties) = preSolution
		HideSolutionNode = FALSE
	EndGlobalSection
	GlobalSection(NestedProjects) = preSolution
		{4EF2CE3D-D392-4300-8366-400229C4D96B} = {3D4EC1F0-BA33-39F6-09E5-3CF99B0248A2}
		{B2E2534B-11B8-4DB8-AB69-05BE6B7600E2} = {3C5B3D1E-52CC-7748-3607-1E9B3B40885C}
		{75A435CD-0220-4557-B86A-1F88FDBDEA37} = {3C5B3D1E-52CC-7748-3607-1E9B3B40885C}
		{898A75C2-F613-42DA-9A6A-00D850EA1305} = {777DDE44-8409-0F7E-5879-0EC8C7467096}
		{6F6131F3-7FB8-494D-A047-E794582F54FB} = {3C5B3D1E-52CC-7748-3607-1E9B3B40885C}
		{D162069B-FF4D-4B63-ABF9-5A90CA2813A1} = {3C5B3D1E-52CC-7748-3607-1E9B3B40885C}
		{32041BD7-21A4-438E-A866-1D0381DB4ED8} = {35256921-7B88-C4EB-1535-B4318F082093}
		{1EC2EA9D-4B47-47E6-8100-4D70E12C55B0} = {777DDE44-8409-0F7E-5879-0EC8C7467096}
		{8AA754C0-550A-44D6-BAA8-E142DDEF1B83} = {777DDE44-8409-0F7E-5879-0EC8C7467096}
		{CF2AC2BF-C1A7-4E41-BD6F-1382427F9FCB} = {213FE732-89A3-F80C-EA0E-A3090014B56D}
		{56DEDDBB-20E8-4C92-B64C-D71604912A58} = {777DDE44-8409-0F7E-5879-0EC8C7467096}
		{B867DDD6-6F67-4657-976D-854F86898BA6} = {3C5B3D1E-52CC-7748-3607-1E9B3B40885C}
		{94A75737-A8BD-4F47-845D-B7CD5F47FB4F} = {213FE732-89A3-F80C-EA0E-A3090014B56D}
		{C77BC112-B1D4-4841-B506-95B4DAE55934} = {3C5B3D1E-52CC-7748-3607-1E9B3B40885C}
		{D078CC9C-354B-4ACE-80FA-E7809A5D0F9A} = {213FE732-89A3-F80C-EA0E-A3090014B56D}
		{877AE9D8-CB2B-4272-8CA1-894646371840} = {213FE732-89A3-F80C-EA0E-A3090014B56D}
		{E15AECEB-B2EA-454D-90D8-7CD69A00E34F} = {213FE732-89A3-F80C-EA0E-A3090014B56D}
		{913A2EFA-1FE3-4D6B-83A8-C496EA83FE52} = {3C5B3D1E-52CC-7748-3607-1E9B3B40885C}
		{6541FF75-CB8F-4EA3-8ED8-0E4A9ACD6331} = {213FE732-89A3-F80C-EA0E-A3090014B56D}
		{387294B2-0AE6-4B0B-B2BC-6BE794997D9B} = {213FE732-89A3-F80C-EA0E-A3090014B56D}
		{2885C04E-F05A-4AFE-9ACA-78995D72D20E} = {213FE732-89A3-F80C-EA0E-A3090014B56D}
		{FCE88F72-30F0-4B29-8A91-780B13CAF1F4} = {213FE732-89A3-F80C-EA0E-A3090014B56D}
		{31E1AEDF-D4C1-4A40-954B-FABF8349A431} = {213FE732-89A3-F80C-EA0E-A3090014B56D}
		{DD859FFD-65AF-4CF2-81B1-868DF2B34EBA} = {213FE732-89A3-F80C-EA0E-A3090014B56D}
		{BEA139BD-0C13-4819-92DC-1FA7B66CC2DC} = {777DDE44-8409-0F7E-5879-0EC8C7467096}
		{50B1F134-669E-4F07-867E-C32517A4694E} = {777DDE44-8409-0F7E-5879-0EC8C7467096}
		{4431F156-0272-4177-BDB0-41A7B934B797} = {777DDE44-8409-0F7E-5879-0EC8C7467096}
		{0C9B91EC-E9CE-4C2E-B85E-B8271C472473} = {213FE732-89A3-F80C-EA0E-A3090014B56D}
		{A24489EA-E924-482B-A940-DFAD033FF6F8} = {777DDE44-8409-0F7E-5879-0EC8C7467096}
		{9CCEA31C-FDD6-48FD-BF1A-BA6300DC9FAA} = {777DDE44-8409-0F7E-5879-0EC8C7467096}
		{7D980FF6-8BE2-65B1-94FD-677228F9C6F5} = {F6FD59EC-F351-1F82-1FAA-E9A4BFD2388A}
	EndGlobalSection
	GlobalSection(ExtensibilityGlobals) = postSolution
		SolutionGuid = {44A6282C-5E61-4689-AC79-EE9BDB2446F2}
	EndGlobalSection
EndGlobal
